
Microsoft Visual Studio Solution File, Format Version 12.00
# Visual Studio Version 17
VisualStudioVersion = 17.0.32112.339
MinimumVisualStudioVersion = 10.0.40219.1
Project("{FAE04EC0-301F-11D3-BF4B-00C04F79EFBC}") = "ApiCarvajal", "ApiCarvajal\ApiCarvajal.csproj", "{7657BE12-3540-4874-A5B7-27B27D5BE8A0}"
EndProject
Project("{2150E333-8FDC-42A3-9474-1A3956D46DE8}") = "Solution Items", "Solution Items", "{F863ECAB-4DD9-4B3D-A9C0-E94C9245350E}"
	ProjectSection(SolutionItems) = preProject
		.editorconfig = .editorconfig
	EndProjectSection
EndProject
Project("{FAE04EC0-301F-11D3-BF4B-00C04F79EFBC}") = "FrontCarvajal", "FrontCarvajal\FrontCarvajal.csproj", "{12E061A4-462E-4812-A04E-466E804CD05E}"
EndProject
Global
	GlobalSection(SolutionConfigurationPlatforms) = preSolution
		Debug|Any CPU = Debug|Any CPU
		Release|Any CPU = Release|Any CPU
	EndGlobalSection
	GlobalSection(ProjectConfigurationPlatforms) = postSolution
		{7657BE12-3540-4874-A5B7-27B27D5BE8A0}.Debug|Any CPU.ActiveCfg = Debug|Any CPU
		{7657BE12-3540-4874-A5B7-27B27D5BE8A0}.Debug|Any CPU.Build.0 = Debug|Any CPU
		{7657BE12-3540-4874-A5B7-27B27D5BE8A0}.Release|Any CPU.ActiveCfg = Release|Any CPU
		{7657BE12-3540-4874-A5B7-27B27D5BE8A0}.Release|Any CPU.Build.0 = Release|Any CPU
		{12E061A4-462E-4812-A04E-466E804CD05E}.Debug|Any CPU.ActiveCfg = Debug|Any CPU
		{12E061A4-462E-4812-A04E-466E804CD05E}.Debug|Any CPU.Build.0 = Debug|Any CPU
		{12E061A4-462E-4812-A04E-466E804CD05E}.Release|Any CPU.ActiveCfg = Release|Any CPU
		{12E061A4-462E-4812-A04E-466E804CD05E}.Release|Any CPU.Build.0 = Release|Any CPU
	EndGlobalSection
	GlobalSection(SolutionProperties) = preSolution
		HideSolutionNode = FALSE
	EndGlobalSection
	GlobalSection(ExtensibilityGlobals) = postSolution
		SolutionGuid = {D96FEDB9-74A6-4E92-B229-6599BD2EE546}
	EndGlobalSection
EndGlobal
